
Microsoft Visual Studio Solution File, Format Version 12.00
# Visual Studio Version 17
VisualStudioVersion = 17.11.35327.3
MinimumVisualStudioVersion = 10.0.40219.1
Project("{FAE04EC0-301F-11D3-BF4B-00C04F79EFBC}") = "20241010", "20241010.csproj", "{6B57FBF7-B7DA-47B1-AF65-C4B5615850EF}"
EndProject
Global
	GlobalSection(SolutionConfigurationPlatforms) = preSolution
		Debug|Any CPU = Debug|Any CPU
		Release|Any CPU = Release|Any CPU
	EndGlobalSection
	GlobalSection(ProjectConfigurationPlatforms) = postSolution
		{6B57FBF7-B7DA-47B1-AF65-C4B5615850EF}.Debug|Any CPU.ActiveCfg = Debug|Any CPU
		{6B57FBF7-B7DA-47B1-AF65-C4B5615850EF}.Debug|Any CPU.Build.0 = Debug|Any CPU
		{6B57FBF7-B7DA-47B1-AF65-C4B5615850EF}.Release|Any CPU.ActiveCfg = Release|Any CPU
		{6B57FBF7-B7DA-47B1-AF65-C4B5615850EF}.Release|Any CPU.Build.0 = Release|Any CPU
	EndGlobalSection
	GlobalSection(SolutionProperties) = preSolution
		HideSolutionNode = FALSE
	EndGlobalSection
	GlobalSection(ExtensibilityGlobals) = postSolution
		SolutionGuid = {060247EF-B1DD-4D78-89E2-B9B3A662CD2D}
	EndGlobalSection
EndGlobal
